
Microsoft Visual Studio Solution File, Format Version 12.00
# Visual Studio 15
VisualStudioVersion = 15.0.27428.1
MinimumVisualStudioVersion = 10.0.40219.1
Project("{FAE04EC0-301F-11D3-BF4B-00C04F79EFBC}") = "ShoppingApplication", "ShoppingCart\ShoppingApplication.csproj", "{C46660EC-3E79-4AEB-9149-1401E7D2B4D8}"
EndProject
Global
	GlobalSection(SolutionConfigurationPlatforms) = preSolution
		Debug|Any CPU = Debug|Any CPU
		Release|Any CPU = Release|Any CPU
	EndGlobalSection
	GlobalSection(ProjectConfigurationPlatforms) = postSolution
		{C46660EC-3E79-4AEB-9149-1401E7D2B4D8}.Debug|Any CPU.ActiveCfg = Debug|Any CPU
		{C46660EC-3E79-4AEB-9149-1401E7D2B4D8}.Debug|Any CPU.Build.0 = Debug|Any CPU
		{C46660EC-3E79-4AEB-9149-1401E7D2B4D8}.Release|Any CPU.ActiveCfg = Release|Any CPU
		{C46660EC-3E79-4AEB-9149-1401E7D2B4D8}.Release|Any CPU.Build.0 = Release|Any CPU
	EndGlobalSection
	GlobalSection(SolutionProperties) = preSolution
		HideSolutionNode = FALSE
	EndGlobalSection
	GlobalSection(ExtensibilityGlobals) = postSolution
		SolutionGuid = {44B56083-BF3B-42FA-B1F3-2A37E19DC6C5}
	EndGlobalSection
EndGlobal
